
Microsoft Visual Studio Solution File, Format Version 12.00
# Visual Studio Version 16
VisualStudioVersion = 16.0.33328.57
MinimumVisualStudioVersion = 10.0.40219.1
Project("{FAE04EC0-301F-11D3-BF4B-00C04F79EFBC}") = "ContactsAssignment", "ContactsAssignment.csproj", "{F8BF1888-6982-459E-B28D-F8AC35E56F2F}"
EndProject
Global
	GlobalSection(SolutionConfigurationPlatforms) = preSolution
		Debug|Any CPU = Debug|Any CPU
		Release|Any CPU = Release|Any CPU
	EndGlobalSection
	GlobalSection(ProjectConfigurationPlatforms) = postSolution
		{F8BF1888-6982-459E-B28D-F8AC35E56F2F}.Debug|Any CPU.ActiveCfg = Debug|Any CPU
		{F8BF1888-6982-459E-B28D-F8AC35E56F2F}.Debug|Any CPU.Build.0 = Debug|Any CPU
		{F8BF1888-6982-459E-B28D-F8AC35E56F2F}.Release|Any CPU.ActiveCfg = Release|Any CPU
		{F8BF1888-6982-459E-B28D-F8AC35E56F2F}.Release|Any CPU.Build.0 = Release|Any CPU
	EndGlobalSection
	GlobalSection(SolutionProperties) = preSolution
		HideSolutionNode = FALSE
	EndGlobalSection
	GlobalSection(ExtensibilityGlobals) = postSolution
		SolutionGuid = {314A9273-F72E-4A3A-89BC-FDC57838CF82}
	EndGlobalSection
EndGlobal
